
Microsoft Visual Studio Solution File, Format Version 12.00
# Visual Studio Version 16
VisualStudioVersion = 16.0.29025.244
MinimumVisualStudioVersion = 10.0.40219.1
Project("{FAE04EC0-301F-11D3-BF4B-00C04F79EFBC}") = "AddIn.Lrc", "Afar.Lrc\AddIn.Lrc.csproj", "{3B53FC0B-F544-41A1-B935-CF88D5EE4874}"
EndProject
Project("{FAE04EC0-301F-11D3-BF4B-00C04F79EFBC}") = "AddIn.Audio", "Afar.Audio\AddIn.Audio.csproj", "{90BD37A7-4DB2-4DFE-A450-0C62E8F49606}"
EndProject
Project("{FAE04EC0-301F-11D3-BF4B-00C04F79EFBC}") = "AddIn.Cloud163", "Afar.Cloud163\AddIn.Cloud163.csproj", "{87921E0A-245A-4A1F-B858-3F4617E42CF0}"
EndProject
Project("{FAE04EC0-301F-11D3-BF4B-00C04F79EFBC}") = "PlayProjectGame", "PlayProjectGame\PlayProjectGame.csproj", "{843C747B-C1E8-43D5-8669-DD65D983236F}"
	ProjectSection(ProjectDependencies) = postProject
		{13D97512-EBE8-4C80-B52A-B69C406B9A66} = {13D97512-EBE8-4C80-B52A-B69C406B9A66}
	EndProjectSection
EndProject
Project("{FAE04EC0-301F-11D3-BF4B-00C04F79EFBC}") = "AddIn.LrcSercher", "LrcSercher\AddIn.LrcSercher.csproj", "{97FA6751-CE97-45F4-8200-E04C4461D05F}"
EndProject
Project("{FAE04EC0-301F-11D3-BF4B-00C04F79EFBC}") = "VisualAttentionDetection", "VisualAttentionDetection\VisualAttentionDetection.csproj", "{068DBF2C-9889-415D-B251-BB5FA697BCBE}"
EndProject
Project("{FAE04EC0-301F-11D3-BF4B-00C04F79EFBC}") = "ImageBasic", "ImageBasic\ImageBasic.csproj", "{2D95120A-B885-4CDE-8B6F-7AAE702D7F61}"
EndProject
Project("{FAE04EC0-301F-11D3-BF4B-00C04F79EFBC}") = "VisualAttentionDetection.CutImage", "VisualAttentionDetection.CutImage\VisualAttentionDetection.CutImage.csproj", "{2723FBAA-7D45-475F-BECC-7DC546AD37F3}"
EndProject
Project("{FAE04EC0-301F-11D3-BF4B-00C04F79EFBC}") = "VisualAttentionDetection.OtherAppy", "VisualAttentionDetection.OtherAppy\VisualAttentionDetection.OtherAppy.csproj", "{7FDD2263-3304-46FF-A043-F580EAC45C1F}"
	ProjectSection(ProjectDependencies) = postProject
		{068DBF2C-9889-415D-B251-BB5FA697BCBE} = {068DBF2C-9889-415D-B251-BB5FA697BCBE}
	EndProjectSection
EndProject
Project("{FAE04EC0-301F-11D3-BF4B-00C04F79EFBC}") = "Device", "Device\Device.csproj", "{912AFF49-B0CD-4F45-A6DD-D1B2FB841700}"
EndProject
Project("{FAE04EC0-301F-11D3-BF4B-00C04F79EFBC}") = "Communication", "Data.PublicElem\Communication.csproj", "{D6C10A57-BCB0-4015-B6C2-AD99BDD8CCF6}"
EndProject
Project("{FAE04EC0-301F-11D3-BF4B-00C04F79EFBC}") = "AudioSTAProgress", "AudioSTAProgress\AudioSTAProgress.csproj", "{13D97512-EBE8-4C80-B52A-B69C406B9A66}"
EndProject
Project("{FAE04EC0-301F-11D3-BF4B-00C04F79EFBC}") = "ImageFilter", "ImageFilter\ImageFilter.csproj", "{5360FD78-DA32-424F-863F-9700FE26FBC6}"
EndProject
Project("{FAE04EC0-301F-11D3-BF4B-00C04F79EFBC}") = "WindowDemo", "WindowDemo\WindowDemo\WindowDemo.csproj", "{CDCC0FDC-B3FA-4462-A37F-863CB93EB452}"
EndProject
Project("{FAE04EC0-301F-11D3-BF4B-00C04F79EFBC}") = "PlayProjectGameTests", "PlayProjectGameTests\PlayProjectGameTests.csproj", "{EF221201-3D68-49DF-A370-D79FDA2FFF92}"
EndProject
Project("{9A19103F-16F7-4668-BE54-9A1E7A4F7556}") = "ATL", "ATL\atldotnet\ATL\ATL.csproj", "{2A6A8E3A-1EE8-46A0-A292-FEA69B6F4EAC}"
EndProject
Global
	GlobalSection(SolutionConfigurationPlatforms) = preSolution
		Debug|Any CPU = Debug|Any CPU
		Debug|Mixed Platforms = Debug|Mixed Platforms
		Debug|Win32 = Debug|Win32
		Debug|x64 = Debug|x64
		Debug|x86 = Debug|x86
		Release|Any CPU = Release|Any CPU
		Release|Mixed Platforms = Release|Mixed Platforms
		Release|Win32 = Release|Win32
		Release|x64 = Release|x64
		Release|x86 = Release|x86
	EndGlobalSection
	GlobalSection(ProjectConfigurationPlatforms) = postSolution
		{3B53FC0B-F544-41A1-B935-CF88D5EE4874}.Debug|Any CPU.ActiveCfg = Debug|Any CPU
		{3B53FC0B-F544-41A1-B935-CF88D5EE4874}.Debug|Any CPU.Build.0 = Debug|Any CPU
		{3B53FC0B-F544-41A1-B935-CF88D5EE4874}.Debug|Mixed Platforms.ActiveCfg = Debug|Any CPU
		{3B53FC0B-F544-41A1-B935-CF88D5EE4874}.Debug|Mixed Platforms.Build.0 = Debug|Any CPU
		{3B53FC0B-F544-41A1-B935-CF88D5EE4874}.Debug|Win32.ActiveCfg = Debug|Any CPU
		{3B53FC0B-F544-41A1-B935-CF88D5EE4874}.Debug|Win32.Build.0 = Debug|Any CPU
		{3B53FC0B-F544-41A1-B935-CF88D5EE4874}.Debug|x64.ActiveCfg = Debug|Any CPU
		{3B53FC0B-F544-41A1-B935-CF88D5EE4874}.Debug|x64.Build.0 = Debug|Any CPU
		{3B53FC0B-F544-41A1-B935-CF88D5EE4874}.Debug|x86.ActiveCfg = Debug|Any CPU
		{3B53FC0B-F544-41A1-B935-CF88D5EE4874}.Debug|x86.Build.0 = Debug|Any CPU
		{3B53FC0B-F544-41A1-B935-CF88D5EE4874}.Release|Any CPU.ActiveCfg = Release|Any CPU
		{3B53FC0B-F544-41A1-B935-CF88D5EE4874}.Release|Any CPU.Build.0 = Release|Any CPU
		{3B53FC0B-F544-41A1-B935-CF88D5EE4874}.Release|Mixed Platforms.ActiveCfg = Release|Any CPU
		{3B53FC0B-F544-41A1-B935-CF88D5EE4874}.Release|Mixed Platforms.Build.0 = Release|Any CPU
		{3B53FC0B-F544-41A1-B935-CF88D5EE4874}.Release|Win32.ActiveCfg = Release|Any CPU
		{3B53FC0B-F544-41A1-B935-CF88D5EE4874}.Release|Win32.Build.0 = Release|Any CPU
		{3B53FC0B-F544-41A1-B935-CF88D5EE4874}.Release|x64.ActiveCfg = Release|Any CPU
		{3B53FC0B-F544-41A1-B935-CF88D5EE4874}.Release|x64.Build.0 = Release|Any CPU
		{3B53FC0B-F544-41A1-B935-CF88D5EE4874}.Release|x86.ActiveCfg = Release|Any CPU
		{3B53FC0B-F544-41A1-B935-CF88D5EE4874}.Release|x86.Build.0 = Release|Any CPU
		{90BD37A7-4DB2-4DFE-A450-0C62E8F49606}.Debug|Any CPU.ActiveCfg = Debug|Any CPU
		{90BD37A7-4DB2-4DFE-A450-0C62E8F49606}.Debug|Any CPU.Build.0 = Debug|Any CPU
		{90BD37A7-4DB2-4DFE-A450-0C62E8F49606}.Debug|Mixed Platforms.ActiveCfg = Debug|Any CPU
		{90BD37A7-4DB2-4DFE-A450-0C62E8F49606}.Debug|Mixed Platforms.Build.0 = Debug|Any CPU
		{90BD37A7-4DB2-4DFE-A450-0C62E8F49606}.Debug|Win32.ActiveCfg = Debug|Any CPU
		{90BD37A7-4DB2-4DFE-A450-0C62E8F49606}.Debug|Win32.Build.0 = Debug|Any CPU
		{90BD37A7-4DB2-4DFE-A450-0C62E8F49606}.Debug|x64.ActiveCfg = Debug|x64
		{90BD37A7-4DB2-4DFE-A450-0C62E8F49606}.Debug|x64.Build.0 = Debug|x64
		{90BD37A7-4DB2-4DFE-A450-0C62E8F49606}.Debug|x86.ActiveCfg = Debug|x86
		{90BD37A7-4DB2-4DFE-A450-0C62E8F49606}.Debug|x86.Build.0 = Debug|x86
		{90BD37A7-4DB2-4DFE-A450-0C62E8F49606}.Release|Any CPU.ActiveCfg = Release|Any CPU
		{90BD37A7-4DB2-4DFE-A450-0C62E8F49606}.Release|Any CPU.Build.0 = Release|Any CPU
		{90BD37A7-4DB2-4DFE-A450-0C62E8F49606}.Release|Mixed Platforms.ActiveCfg = Release|Any CPU
		{90BD37A7-4DB2-4DFE-A450-0C62E8F49606}.Release|Mixed Platforms.Build.0 = Release|Any CPU
		{90BD37A7-4DB2-4DFE-A450-0C62E8F49606}.Release|Win32.ActiveCfg = Release|Any CPU
		{90BD37A7-4DB2-4DFE-A450-0C62E8F49606}.Release|Win32.Build.0 = Release|Any CPU
		{90BD37A7-4DB2-4DFE-A450-0C62E8F49606}.Release|x64.ActiveCfg = Release|Any CPU
		{90BD37A7-4DB2-4DFE-A450-0C62E8F49606}.Release|x64.Build.0 = Release|Any CPU
		{90BD37A7-4DB2-4DFE-A450-0C62E8F49606}.Release|x86.ActiveCfg = Release|x86
		{90BD37A7-4DB2-4DFE-A450-0C62E8F49606}.Release|x86.Build.0 = Release|x86
		{87921E0A-245A-4A1F-B858-3F4617E42CF0}.Debug|Any CPU.ActiveCfg = Debug|Any CPU
		{87921E0A-245A-4A1F-B858-3F4617E42CF0}.Debug|Any CPU.Build.0 = Debug|Any CPU
		{87921E0A-245A-4A1F-B858-3F4617E42CF0}.Debug|Mixed Platforms.ActiveCfg = Debug|Any CPU
		{87921E0A-245A-4A1F-B858-3F4617E42CF0}.Debug|Mixed Platforms.Build.0 = Debug|Any CPU
		{87921E0A-245A-4A1F-B858-3F4617E42CF0}.Debug|Win32.ActiveCfg = Debug|Any CPU
		{87921E0A-245A-4A1F-B858-3F4617E42CF0}.Debug|Win32.Build.0 = Debug|Any CPU
		{87921E0A-245A-4A1F-B858-3F4617E42CF0}.Debug|x64.ActiveCfg = Debug|Any CPU
		{87921E0A-245A-4A1F-B858-3F4617E42CF0}.Debug|x64.Build.0 = Debug|Any CPU
		{87921E0A-245A-4A1F-B858-3F4617E42CF0}.Debug|x86.ActiveCfg = Debug|Any CPU
		{87921E0A-245A-4A1F-B858-3F4617E42CF0}.Debug|x86.Build.0 = Debug|Any CPU
		{87921E0A-245A-4A1F-B858-3F4617E42CF0}.Release|Any CPU.ActiveCfg = Release|Any CPU
		{87921E0A-245A-4A1F-B858-3F4617E42CF0}.Release|Any CPU.Build.0 = Release|Any CPU
		{87921E0A-245A-4A1F-B858-3F4617E42CF0}.Release|Mixed Platforms.ActiveCfg = Release|Any CPU
		{87921E0A-245A-4A1F-B858-3F4617E42CF0}.Release|Mixed Platforms.Build.0 = Release|Any CPU
		{87921E0A-245A-4A1F-B858-3F4617E42CF0}.Release|Win32.ActiveCfg = Release|Any CPU
		{87921E0A-245A-4A1F-B858-3F4617E42CF0}.Release|Win32.Build.0 = Release|Any CPU
		{87921E0A-245A-4A1F-B858-3F4617E42CF0}.Release|x64.ActiveCfg = Release|Any CPU
		{87921E0A-245A-4A1F-B858-3F4617E42CF0}.Release|x64.Build.0 = Release|Any CPU
		{87921E0A-245A-4A1F-B858-3F4617E42CF0}.Release|x86.ActiveCfg = Release|Any CPU
		{87921E0A-245A-4A1F-B858-3F4617E42CF0}.Release|x86.Build.0 = Release|Any CPU
		{843C747B-C1E8-43D5-8669-DD65D983236F}.Debug|Any CPU.ActiveCfg = Debug|Any CPU
		{843C747B-C1E8-43D5-8669-DD65D983236F}.Debug|Any CPU.Build.0 = Debug|Any CPU
		{843C747B-C1E8-43D5-8669-DD65D983236F}.Debug|Mixed Platforms.ActiveCfg = Debug|Any CPU
		{843C747B-C1E8-43D5-8669-DD65D983236F}.Debug|Mixed Platforms.Build.0 = Debug|Any CPU
		{843C747B-C1E8-43D5-8669-DD65D983236F}.Debug|Win32.ActiveCfg = Debug|Any CPU
		{843C747B-C1E8-43D5-8669-DD65D983236F}.Debug|Win32.Build.0 = Debug|Any CPU
		{843C747B-C1E8-43D5-8669-DD65D983236F}.Debug|x64.ActiveCfg = Debug|Any CPU
		{843C747B-C1E8-43D5-8669-DD65D983236F}.Debug|x64.Build.0 = Debug|Any CPU
		{843C747B-C1E8-43D5-8669-DD65D983236F}.Debug|x86.ActiveCfg = Debug|Any CPU
		{843C747B-C1E8-43D5-8669-DD65D983236F}.Debug|x86.Build.0 = Debug|Any CPU
		{843C747B-C1E8-43D5-8669-DD65D983236F}.Release|Any CPU.ActiveCfg = Release|Any CPU
		{843C747B-C1E8-43D5-8669-DD65D983236F}.Release|Any CPU.Build.0 = Release|Any CPU
		{843C747B-C1E8-43D5-8669-DD65D983236F}.Release|Mixed Platforms.ActiveCfg = Release|Any CPU
		{843C747B-C1E8-43D5-8669-DD65D983236F}.Release|Mixed Platforms.Build.0 = Release|Any CPU
		{843C747B-C1E8-43D5-8669-DD65D983236F}.Release|Win32.ActiveCfg = Release|Any CPU
		{843C747B-C1E8-43D5-8669-DD65D983236F}.Release|Win32.Build.0 = Release|Any CPU
		{843C747B-C1E8-43D5-8669-DD65D983236F}.Release|x64.ActiveCfg = Release|Any CPU
		{843C747B-C1E8-43D5-8669-DD65D983236F}.Release|x64.Build.0 = Release|Any CPU
		{843C747B-C1E8-43D5-8669-DD65D983236F}.Release|x86.ActiveCfg = Release|Any CPU
		{843C747B-C1E8-43D5-8669-DD65D983236F}.Release|x86.Build.0 = Release|Any CPU
		{97FA6751-CE97-45F4-8200-E04C4461D05F}.Debug|Any CPU.ActiveCfg = Debug|Any CPU
		{97FA6751-CE97-45F4-8200-E04C4461D05F}.Debug|Any CPU.Build.0 = Debug|Any CPU
		{97FA6751-CE97-45F4-8200-E04C4461D05F}.Debug|Mixed Platforms.ActiveCfg = Debug|Any CPU
		{97FA6751-CE97-45F4-8200-E04C4461D05F}.Debug|Mixed Platforms.Build.0 = Debug|Any CPU
		{97FA6751-CE97-45F4-8200-E04C4461D05F}.Debug|Win32.ActiveCfg = Debug|Any CPU
		{97FA6751-CE97-45F4-8200-E04C4461D05F}.Debug|Win32.Build.0 = Debug|Any CPU
		{97FA6751-CE97-45F4-8200-E04C4461D05F}.Debug|x64.ActiveCfg = Debug|Any CPU
		{97FA6751-CE97-45F4-8200-E04C4461D05F}.Debug|x64.Build.0 = Debug|Any CPU
		{97FA6751-CE97-45F4-8200-E04C4461D05F}.Debug|x86.ActiveCfg = Debug|Any CPU
		{97FA6751-CE97-45F4-8200-E04C4461D05F}.Debug|x86.Build.0 = Debug|Any CPU
		{97FA6751-CE97-45F4-8200-E04C4461D05F}.Release|Any CPU.ActiveCfg = Release|Any CPU
		{97FA6751-CE97-45F4-8200-E04C4461D05F}.Release|Any CPU.Build.0 = Release|Any CPU
		{97FA6751-CE97-45F4-8200-E04C4461D05F}.Release|Mixed Platforms.ActiveCfg = Release|Any CPU
		{97FA6751-CE97-45F4-8200-E04C4461D05F}.Release|Mixed Platforms.Build.0 = Release|Any CPU
		{97FA6751-CE97-45F4-8200-E04C4461D05F}.Release|Win32.ActiveCfg = Release|Any CPU
		{97FA6751-CE97-45F4-8200-E04C4461D05F}.Release|Win32.Build.0 = Release|Any CPU
		{97FA6751-CE97-45F4-8200-E04C4461D05F}.Release|x64.ActiveCfg = Release|Any CPU
		{97FA6751-CE97-45F4-8200-E04C4461D05F}.Release|x64.Build.0 = Release|Any CPU
		{97FA6751-CE97-45F4-8200-E04C4461D05F}.Release|x86.ActiveCfg = Release|Any CPU
		{97FA6751-CE97-45F4-8200-E04C4461D05F}.Release|x86.Build.0 = Release|Any CPU
		{068DBF2C-9889-415D-B251-BB5FA697BCBE}.Debug|Any CPU.ActiveCfg = Debug|Any CPU
		{068DBF2C-9889-415D-B251-BB5FA697BCBE}.Debug|Any CPU.Build.0 = Debug|Any CPU
		{068DBF2C-9889-415D-B251-BB5FA697BCBE}.Debug|Mixed Platforms.ActiveCfg = Debug|Any CPU
		{068DBF2C-9889-415D-B251-BB5FA697BCBE}.Debug|Mixed Platforms.Build.0 = Debug|Any CPU
		{068DBF2C-9889-415D-B251-BB5FA697BCBE}.Debug|Win32.ActiveCfg = Debug|Any CPU
		{068DBF2C-9889-415D-B251-BB5FA697BCBE}.Debug|Win32.Build.0 = Debug|Any CPU
		{068DBF2C-9889-415D-B251-BB5FA697BCBE}.Debug|x64.ActiveCfg = Debug|Any CPU
		{068DBF2C-9889-415D-B251-BB5FA697BCBE}.Debug|x64.Build.0 = Debug|Any CPU
		{068DBF2C-9889-415D-B251-BB5FA697BCBE}.Debug|x86.ActiveCfg = Debug|Any CPU
		{068DBF2C-9889-415D-B251-BB5FA697BCBE}.Debug|x86.Build.0 = Debug|Any CPU
		{068DBF2C-9889-415D-B251-BB5FA697BCBE}.Release|Any CPU.ActiveCfg = Release|Any CPU
		{068DBF2C-9889-415D-B251-BB5FA697BCBE}.Release|Any CPU.Build.0 = Release|Any CPU
		{068DBF2C-9889-415D-B251-BB5FA697BCBE}.Release|Mixed Platforms.ActiveCfg = Release|Any CPU
		{068DBF2C-9889-415D-B251-BB5FA697BCBE}.Release|Mixed Platforms.Build.0 = Release|Any CPU
		{068DBF2C-9889-415D-B251-BB5FA697BCBE}.Release|Win32.ActiveCfg = Release|Any CPU
		{068DBF2C-9889-415D-B251-BB5FA697BCBE}.Release|Win32.Build.0 = Release|Any CPU
		{068DBF2C-9889-415D-B251-BB5FA697BCBE}.Release|x64.ActiveCfg = Release|Any CPU
		{068DBF2C-9889-415D-B251-BB5FA697BCBE}.Release|x64.Build.0 = Release|Any CPU
		{068DBF2C-9889-415D-B251-BB5FA697BCBE}.Release|x86.ActiveCfg = Release|Any CPU
		{068DBF2C-9889-415D-B251-BB5FA697BCBE}.Release|x86.Build.0 = Release|Any CPU
		{2D95120A-B885-4CDE-8B6F-7AAE702D7F61}.Debug|Any CPU.ActiveCfg = Debug|Any CPU
		{2D95120A-B885-4CDE-8B6F-7AAE702D7F61}.Debug|Any CPU.Build.0 = Debug|Any CPU
		{2D95120A-B885-4CDE-8B6F-7AAE702D7F61}.Debug|Mixed Platforms.ActiveCfg = Debug|Any CPU
		{2D95120A-B885-4CDE-8B6F-7AAE702D7F61}.Debug|Mixed Platforms.Build.0 = Debug|Any CPU
		{2D95120A-B885-4CDE-8B6F-7AAE702D7F61}.Debug|Win32.ActiveCfg = Debug|Any CPU
		{2D95120A-B885-4CDE-8B6F-7AAE702D7F61}.Debug|Win32.Build.0 = Debug|Any CPU
		{2D95120A-B885-4CDE-8B6F-7AAE702D7F61}.Debug|x64.ActiveCfg = Debug|Any CPU
		{2D95120A-B885-4CDE-8B6F-7AAE702D7F61}.Debug|x64.Build.0 = Debug|Any CPU
		{2D95120A-B885-4CDE-8B6F-7AAE702D7F61}.Debug|x86.ActiveCfg = Debug|Any CPU
		{2D95120A-B885-4CDE-8B6F-7AAE702D7F61}.Debug|x86.Build.0 = Debug|Any CPU
		{2D95120A-B885-4CDE-8B6F-7AAE702D7F61}.Release|Any CPU.ActiveCfg = Release|Any CPU
		{2D95120A-B885-4CDE-8B6F-7AAE702D7F61}.Release|Any CPU.Build.0 = Release|Any CPU
		{2D95120A-B885-4CDE-8B6F-7AAE702D7F61}.Release|Mixed Platforms.ActiveCfg = Release|Any CPU
		{2D95120A-B885-4CDE-8B6F-7AAE702D7F61}.Release|Mixed Platforms.Build.0 = Release|Any CPU
		{2D95120A-B885-4CDE-8B6F-7AAE702D7F61}.Release|Win32.ActiveCfg = Release|Any CPU
		{2D95120A-B885-4CDE-8B6F-7AAE702D7F61}.Release|Win32.Build.0 = Release|Any CPU
		{2D95120A-B885-4CDE-8B6F-7AAE702D7F61}.Release|x64.ActiveCfg = Release|Any CPU
		{2D95120A-B885-4CDE-8B6F-7AAE702D7F61}.Release|x64.Build.0 = Release|Any CPU
		{2D95120A-B885-4CDE-8B6F-7AAE702D7F61}.Release|x86.ActiveCfg = Release|Any CPU
		{2D95120A-B885-4CDE-8B6F-7AAE702D7F61}.Release|x86.Build.0 = Release|Any CPU
		{2723FBAA-7D45-475F-BECC-7DC546AD37F3}.Debug|Any CPU.ActiveCfg = Debug|Any CPU
		{2723FBAA-7D45-475F-BECC-7DC546AD37F3}.Debug|Any CPU.Build.0 = Debug|Any CPU
		{2723FBAA-7D45-475F-BECC-7DC546AD37F3}.Debug|Mixed Platforms.ActiveCfg = Debug|Any CPU
		{2723FBAA-7D45-475F-BECC-7DC546AD37F3}.Debug|Mixed Platforms.Build.0 = Debug|Any CPU
		{2723FBAA-7D45-475F-BECC-7DC546AD37F3}.Debug|Win32.ActiveCfg = Debug|Any CPU
		{2723FBAA-7D45-475F-BECC-7DC546AD37F3}.Debug|Win32.Build.0 = Debug|Any CPU
		{2723FBAA-7D45-475F-BECC-7DC546AD37F3}.Debug|x64.ActiveCfg = Debug|Any CPU
		{2723FBAA-7D45-475F-BECC-7DC546AD37F3}.Debug|x64.Build.0 = Debug|Any CPU
		{2723FBAA-7D45-475F-BECC-7DC546AD37F3}.Debug|x86.ActiveCfg = Debug|Any CPU
		{2723FBAA-7D45-475F-BECC-7DC546AD37F3}.Debug|x86.Build.0 = Debug|Any CPU
		{2723FBAA-7D45-475F-BECC-7DC546AD37F3}.Release|Any CPU.ActiveCfg = Release|Any CPU
		{2723FBAA-7D45-475F-BECC-7DC546AD37F3}.Release|Any CPU.Build.0 = Release|Any CPU
		{2723FBAA-7D45-475F-BECC-7DC546AD37F3}.Release|Mixed Platforms.ActiveCfg = Release|Any CPU
		{2723FBAA-7D45-475F-BECC-7DC546AD37F3}.Release|Mixed Platforms.Build.0 = Release|Any CPU
		{2723FBAA-7D45-475F-BECC-7DC546AD37F3}.Release|Win32.ActiveCfg = Release|Any CPU
		{2723FBAA-7D45-475F-BECC-7DC546AD37F3}.Release|Win32.Build.0 = Release|Any CPU
		{2723FBAA-7D45-475F-BECC-7DC546AD37F3}.Release|x64.ActiveCfg = Release|Any CPU
		{2723FBAA-7D45-475F-BECC-7DC546AD37F3}.Release|x64.Build.0 = Release|Any CPU
		{2723FBAA-7D45-475F-BECC-7DC546AD37F3}.Release|x86.ActiveCfg = Release|Any CPU
		{2723FBAA-7D45-475F-BECC-7DC546AD37F3}.Release|x86.Build.0 = Release|Any CPU
		{7FDD2263-3304-46FF-A043-F580EAC45C1F}.Debug|Any CPU.ActiveCfg = Debug|Any CPU
		{7FDD2263-3304-46FF-A043-F580EAC45C1F}.Debug|Any CPU.Build.0 = Debug|Any CPU
		{7FDD2263-3304-46FF-A043-F580EAC45C1F}.Debug|Mixed Platforms.ActiveCfg = Debug|Any CPU
		{7FDD2263-3304-46FF-A043-F580EAC45C1F}.Debug|Mixed Platforms.Build.0 = Debug|Any CPU
		{7FDD2263-3304-46FF-A043-F580EAC45C1F}.Debug|Win32.ActiveCfg = Debug|Any CPU
		{7FDD2263-3304-46FF-A043-F580EAC45C1F}.Debug|Win32.Build.0 = Debug|Any CPU
		{7FDD2263-3304-46FF-A043-F580EAC45C1F}.Debug|x64.ActiveCfg = Debug|Any CPU
		{7FDD2263-3304-46FF-A043-F580EAC45C1F}.Debug|x64.Build.0 = Debug|Any CPU
		{7FDD2263-3304-46FF-A043-F580EAC45C1F}.Debug|x86.ActiveCfg = Debug|Any CPU
		{7FDD2263-3304-46FF-A043-F580EAC45C1F}.Debug|x86.Build.0 = Debug|Any CPU
		{7FDD2263-3304-46FF-A043-F580EAC45C1F}.Release|Any CPU.ActiveCfg = Release|Any CPU
		{7FDD2263-3304-46FF-A043-F580EAC45C1F}.Release|Any CPU.Build.0 = Release|Any CPU
		{7FDD2263-3304-46FF-A043-F580EAC45C1F}.Release|Mixed Platforms.ActiveCfg = Release|Any CPU
		{7FDD2263-3304-46FF-A043-F580EAC45C1F}.Release|Mixed Platforms.Build.0 = Release|Any CPU
		{7FDD2263-3304-46FF-A043-F580EAC45C1F}.Release|Win32.ActiveCfg = Release|Any CPU
		{7FDD2263-3304-46FF-A043-F580EAC45C1F}.Release|Win32.Build.0 = Release|Any CPU
		{7FDD2263-3304-46FF-A043-F580EAC45C1F}.Release|x64.ActiveCfg = Release|Any CPU
		{7FDD2263-3304-46FF-A043-F580EAC45C1F}.Release|x64.Build.0 = Release|Any CPU
		{7FDD2263-3304-46FF-A043-F580EAC45C1F}.Release|x86.ActiveCfg = Release|Any CPU
		{7FDD2263-3304-46FF-A043-F580EAC45C1F}.Release|x86.Build.0 = Release|Any CPU
		{912AFF49-B0CD-4F45-A6DD-D1B2FB841700}.Debug|Any CPU.ActiveCfg = Debug|Any CPU
		{912AFF49-B0CD-4F45-A6DD-D1B2FB841700}.Debug|Any CPU.Build.0 = Debug|Any CPU
		{912AFF49-B0CD-4F45-A6DD-D1B2FB841700}.Debug|Mixed Platforms.ActiveCfg = Debug|Any CPU
		{912AFF49-B0CD-4F45-A6DD-D1B2FB841700}.Debug|Mixed Platforms.Build.0 = Debug|Any CPU
		{912AFF49-B0CD-4F45-A6DD-D1B2FB841700}.Debug|Win32.ActiveCfg = Debug|Any CPU
		{912AFF49-B0CD-4F45-A6DD-D1B2FB841700}.Debug|Win32.Build.0 = Debug|Any CPU
		{912AFF49-B0CD-4F45-A6DD-D1B2FB841700}.Debug|x64.ActiveCfg = Debug|Any CPU
		{912AFF49-B0CD-4F45-A6DD-D1B2FB841700}.Debug|x64.Build.0 = Debug|Any CPU
		{912AFF49-B0CD-4F45-A6DD-D1B2FB841700}.Debug|x86.ActiveCfg = Debug|Any CPU
		{912AFF49-B0CD-4F45-A6DD-D1B2FB841700}.Debug|x86.Build.0 = Debug|Any CPU
		{912AFF49-B0CD-4F45-A6DD-D1B2FB841700}.Release|Any CPU.ActiveCfg = Release|Any CPU
		{912AFF49-B0CD-4F45-A6DD-D1B2FB841700}.Release|Any CPU.Build.0 = Release|Any CPU
		{912AFF49-B0CD-4F45-A6DD-D1B2FB841700}.Release|Mixed Platforms.ActiveCfg = Release|Any CPU
		{912AFF49-B0CD-4F45-A6DD-D1B2FB841700}.Release|Mixed Platforms.Build.0 = Release|Any CPU
		{912AFF49-B0CD-4F45-A6DD-D1B2FB841700}.Release|Win32.ActiveCfg = Release|Any CPU
		{912AFF49-B0CD-4F45-A6DD-D1B2FB841700}.Release|Win32.Build.0 = Release|Any CPU
		{912AFF49-B0CD-4F45-A6DD-D1B2FB841700}.Release|x64.ActiveCfg = Release|Any CPU
		{912AFF49-B0CD-4F45-A6DD-D1B2FB841700}.Release|x64.Build.0 = Release|Any CPU
		{912AFF49-B0CD-4F45-A6DD-D1B2FB841700}.Release|x86.ActiveCfg = Release|Any CPU
		{912AFF49-B0CD-4F45-A6DD-D1B2FB841700}.Release|x86.Build.0 = Release|Any CPU
		{D6C10A57-BCB0-4015-B6C2-AD99BDD8CCF6}.Debug|Any CPU.ActiveCfg = Debug|Any CPU
		{D6C10A57-BCB0-4015-B6C2-AD99BDD8CCF6}.Debug|Any CPU.Build.0 = Debug|Any CPU
		{D6C10A57-BCB0-4015-B6C2-AD99BDD8CCF6}.Debug|Mixed Platforms.ActiveCfg = Debug|Any CPU
		{D6C10A57-BCB0-4015-B6C2-AD99BDD8CCF6}.Debug|Mixed Platforms.Build.0 = Debug|Any CPU
		{D6C10A57-BCB0-4015-B6C2-AD99BDD8CCF6}.Debug|Win32.ActiveCfg = Debug|Any CPU
		{D6C10A57-BCB0-4015-B6C2-AD99BDD8CCF6}.Debug|Win32.Build.0 = Debug|Any CPU
		{D6C10A57-BCB0-4015-B6C2-AD99BDD8CCF6}.Debug|x64.ActiveCfg = Debug|Any CPU
		{D6C10A57-BCB0-4015-B6C2-AD99BDD8CCF6}.Debug|x64.Build.0 = Debug|Any CPU
		{D6C10A57-BCB0-4015-B6C2-AD99BDD8CCF6}.Debug|x86.ActiveCfg = Debug|Any CPU
		{D6C10A57-BCB0-4015-B6C2-AD99BDD8CCF6}.Debug|x86.Build.0 = Debug|Any CPU
		{D6C10A57-BCB0-4015-B6C2-AD99BDD8CCF6}.Release|Any CPU.ActiveCfg = Release|Any CPU
		{D6C10A57-BCB0-4015-B6C2-AD99BDD8CCF6}.Release|Any CPU.Build.0 = Release|Any CPU
		{D6C10A57-BCB0-4015-B6C2-AD99BDD8CCF6}.Release|Mixed Platforms.ActiveCfg = Release|Any CPU
		{D6C10A57-BCB0-4015-B6C2-AD99BDD8CCF6}.Release|Mixed Platforms.Build.0 = Release|Any CPU
		{D6C10A57-BCB0-4015-B6C2-AD99BDD8CCF6}.Release|Win32.ActiveCfg = Release|Any CPU
		{D6C10A57-BCB0-4015-B6C2-AD99BDD8CCF6}.Release|Win32.Build.0 = Release|Any CPU
		{D6C10A57-BCB0-4015-B6C2-AD99BDD8CCF6}.Release|x64.ActiveCfg = Release|Any CPU
		{D6C10A57-BCB0-4015-B6C2-AD99BDD8CCF6}.Release|x64.Build.0 = Release|Any CPU
		{D6C10A57-BCB0-4015-B6C2-AD99BDD8CCF6}.Release|x86.ActiveCfg = Release|Any CPU
		{D6C10A57-BCB0-4015-B6C2-AD99BDD8CCF6}.Release|x86.Build.0 = Release|Any CPU
		{13D97512-EBE8-4C80-B52A-B69C406B9A66}.Debug|Any CPU.ActiveCfg = Debug|Any CPU
		{13D97512-EBE8-4C80-B52A-B69C406B9A66}.Debug|Any CPU.Build.0 = Debug|Any CPU
		{13D97512-EBE8-4C80-B52A-B69C406B9A66}.Debug|Mixed Platforms.ActiveCfg = Debug|Any CPU
		{13D97512-EBE8-4C80-B52A-B69C406B9A66}.Debug|Mixed Platforms.Build.0 = Debug|Any CPU
		{13D97512-EBE8-4C80-B52A-B69C406B9A66}.Debug|Win32.ActiveCfg = Debug|Any CPU
		{13D97512-EBE8-4C80-B52A-B69C406B9A66}.Debug|Win32.Build.0 = Debug|Any CPU
		{13D97512-EBE8-4C80-B52A-B69C406B9A66}.Debug|x64.ActiveCfg = Debug|Any CPU
		{13D97512-EBE8-4C80-B52A-B69C406B9A66}.Debug|x64.Build.0 = Debug|Any CPU
		{13D97512-EBE8-4C80-B52A-B69C406B9A66}.Debug|x86.ActiveCfg = Debug|Any CPU
		{13D97512-EBE8-4C80-B52A-B69C406B9A66}.Debug|x86.Build.0 = Debug|Any CPU
		{13D97512-EBE8-4C80-B52A-B69C406B9A66}.Release|Any CPU.ActiveCfg = Release|Any CPU
		{13D97512-EBE8-4C80-B52A-B69C406B9A66}.Release|Any CPU.Build.0 = Release|Any CPU
		{13D97512-EBE8-4C80-B52A-B69C406B9A66}.Release|Mixed Platforms.ActiveCfg = Release|Any CPU
		{13D97512-EBE8-4C80-B52A-B69C406B9A66}.Release|Mixed Platforms.Build.0 = Release|Any CPU
		{13D97512-EBE8-4C80-B52A-B69C406B9A66}.Release|Win32.ActiveCfg = Release|Any CPU
		{13D97512-EBE8-4C80-B52A-B69C406B9A66}.Release|Win32.Build.0 = Release|Any CPU
		{13D97512-EBE8-4C80-B52A-B69C406B9A66}.Release|x64.ActiveCfg = Release|Any CPU
		{13D97512-EBE8-4C80-B52A-B69C406B9A66}.Release|x64.Build.0 = Release|Any CPU
		{13D97512-EBE8-4C80-B52A-B69C406B9A66}.Release|x86.ActiveCfg = Release|Any CPU
		{13D97512-EBE8-4C80-B52A-B69C406B9A66}.Release|x86.Build.0 = Release|Any CPU
		{5360FD78-DA32-424F-863F-9700FE26FBC6}.Debug|Any CPU.ActiveCfg = Debug|Any CPU
		{5360FD78-DA32-424F-863F-9700FE26FBC6}.Debug|Any CPU.Build.0 = Debug|Any CPU
		{5360FD78-DA32-424F-863F-9700FE26FBC6}.Debug|Mixed Platforms.ActiveCfg = Debug|Any CPU
		{5360FD78-DA32-424F-863F-9700FE26FBC6}.Debug|Mixed Platforms.Build.0 = Debug|Any CPU
		{5360FD78-DA32-424F-863F-9700FE26FBC6}.Debug|Win32.ActiveCfg = Debug|Any CPU
		{5360FD78-DA32-424F-863F-9700FE26FBC6}.Debug|Win32.Build.0 = Debug|Any CPU
		{5360FD78-DA32-424F-863F-9700FE26FBC6}.Debug|x64.ActiveCfg = Debug|Any CPU
		{5360FD78-DA32-424F-863F-9700FE26FBC6}.Debug|x64.Build.0 = Debug|Any CPU
		{5360FD78-DA32-424F-863F-9700FE26FBC6}.Debug|x86.ActiveCfg = Debug|Any CPU
		{5360FD78-DA32-424F-863F-9700FE26FBC6}.Debug|x86.Build.0 = Debug|Any CPU
		{5360FD78-DA32-424F-863F-9700FE26FBC6}.Release|Any CPU.ActiveCfg = Release|Any CPU
		{5360FD78-DA32-424F-863F-9700FE26FBC6}.Release|Any CPU.Build.0 = Release|Any CPU
		{5360FD78-DA32-424F-863F-9700FE26FBC6}.Release|Mixed Platforms.ActiveCfg = Release|Any CPU
		{5360FD78-DA32-424F-863F-9700FE26FBC6}.Release|Mixed Platforms.Build.0 = Release|Any CPU
		{5360FD78-DA32-424F-863F-9700FE26FBC6}.Release|Win32.ActiveCfg = Release|Any CPU
		{5360FD78-DA32-424F-863F-9700FE26FBC6}.Release|Win32.Build.0 = Release|Any CPU
		{5360FD78-DA32-424F-863F-9700FE26FBC6}.Release|x64.ActiveCfg = Release|Any CPU
		{5360FD78-DA32-424F-863F-9700FE26FBC6}.Release|x64.Build.0 = Release|Any CPU
		{5360FD78-DA32-424F-863F-9700FE26FBC6}.Release|x86.ActiveCfg = Release|Any CPU
		{5360FD78-DA32-424F-863F-9700FE26FBC6}.Release|x86.Build.0 = Release|Any CPU
		{CDCC0FDC-B3FA-4462-A37F-863CB93EB452}.Debug|Any CPU.ActiveCfg = Debug|Any CPU
		{CDCC0FDC-B3FA-4462-A37F-863CB93EB452}.Debug|Any CPU.Build.0 = Debug|Any CPU
		{CDCC0FDC-B3FA-4462-A37F-863CB93EB452}.Debug|Mixed Platforms.ActiveCfg = Debug|Any CPU
		{CDCC0FDC-B3FA-4462-A37F-863CB93EB452}.Debug|Mixed Platforms.Build.0 = Debug|Any CPU
		{CDCC0FDC-B3FA-4462-A37F-863CB93EB452}.Debug|Win32.ActiveCfg = Debug|Any CPU
		{CDCC0FDC-B3FA-4462-A37F-863CB93EB452}.Debug|Win32.Build.0 = Debug|Any CPU
		{CDCC0FDC-B3FA-4462-A37F-863CB93EB452}.Debug|x64.ActiveCfg = Debug|Any CPU
		{CDCC0FDC-B3FA-4462-A37F-863CB93EB452}.Debug|x64.Build.0 = Debug|Any CPU
		{CDCC0FDC-B3FA-4462-A37F-863CB93EB452}.Debug|x86.ActiveCfg = Debug|Any CPU
		{CDCC0FDC-B3FA-4462-A37F-863CB93EB452}.Debug|x86.Build.0 = Debug|Any CPU
		{CDCC0FDC-B3FA-4462-A37F-863CB93EB452}.Release|Any CPU.ActiveCfg = Release|Any CPU
		{CDCC0FDC-B3FA-4462-A37F-863CB93EB452}.Release|Any CPU.Build.0 = Release|Any CPU
		{CDCC0FDC-B3FA-4462-A37F-863CB93EB452}.Release|Mixed Platforms.ActiveCfg = Release|Any CPU
		{CDCC0FDC-B3FA-4462-A37F-863CB93EB452}.Release|Mixed Platforms.Build.0 = Release|Any CPU
		{CDCC0FDC-B3FA-4462-A37F-863CB93EB452}.Release|Win32.ActiveCfg = Release|Any CPU
		{CDCC0FDC-B3FA-4462-A37F-863CB93EB452}.Release|Win32.Build.0 = Release|Any CPU
		{CDCC0FDC-B3FA-4462-A37F-863CB93EB452}.Release|x64.ActiveCfg = Release|Any CPU
		{CDCC0FDC-B3FA-4462-A37F-863CB93EB452}.Release|x64.Build.0 = Release|Any CPU
		{CDCC0FDC-B3FA-4462-A37F-863CB93EB452}.Release|x86.ActiveCfg = Release|Any CPU
		{CDCC0FDC-B3FA-4462-A37F-863CB93EB452}.Release|x86.Build.0 = Release|Any CPU
		{EF221201-3D68-49DF-A370-D79FDA2FFF92}.Debug|Any CPU.ActiveCfg = Debug|Any CPU
		{EF221201-3D68-49DF-A370-D79FDA2FFF92}.Debug|Any CPU.Build.0 = Debug|Any CPU
		{EF221201-3D68-49DF-A370-D79FDA2FFF92}.Debug|Mixed Platforms.ActiveCfg = Debug|Any CPU
		{EF221201-3D68-49DF-A370-D79FDA2FFF92}.Debug|Mixed Platforms.Build.0 = Debug|Any CPU
		{EF221201-3D68-49DF-A370-D79FDA2FFF92}.Debug|Win32.ActiveCfg = Debug|Any CPU
		{EF221201-3D68-49DF-A370-D79FDA2FFF92}.Debug|Win32.Build.0 = Debug|Any CPU
		{EF221201-3D68-49DF-A370-D79FDA2FFF92}.Debug|x64.ActiveCfg = Debug|Any CPU
		{EF221201-3D68-49DF-A370-D79FDA2FFF92}.Debug|x64.Build.0 = Debug|Any CPU
		{EF221201-3D68-49DF-A370-D79FDA2FFF92}.Debug|x86.ActiveCfg = Debug|Any CPU
		{EF221201-3D68-49DF-A370-D79FDA2FFF92}.Release|Any CPU.ActiveCfg = Release|Any CPU
		{EF221201-3D68-49DF-A370-D79FDA2FFF92}.Release|Any CPU.Build.0 = Release|Any CPU
		{EF221201-3D68-49DF-A370-D79FDA2FFF92}.Release|Mixed Platforms.ActiveCfg = Release|Any CPU
		{EF221201-3D68-49DF-A370-D79FDA2FFF92}.Release|Mixed Platforms.Build.0 = Release|Any CPU
		{EF221201-3D68-49DF-A370-D79FDA2FFF92}.Release|Win32.ActiveCfg = Release|Any CPU
		{EF221201-3D68-49DF-A370-D79FDA2FFF92}.Release|Win32.Build.0 = Release|Any CPU
		{EF221201-3D68-49DF-A370-D79FDA2FFF92}.Release|x64.ActiveCfg = Release|Any CPU
		{EF221201-3D68-49DF-A370-D79FDA2FFF92}.Release|x64.Build.0 = Release|Any CPU
		{EF221201-3D68-49DF-A370-D79FDA2FFF92}.Release|x86.ActiveCfg = Release|Any CPU
		{2A6A8E3A-1EE8-46A0-A292-FEA69B6F4EAC}.Debug|Any CPU.ActiveCfg = Debug|Any CPU
		{2A6A8E3A-1EE8-46A0-A292-FEA69B6F4EAC}.Debug|Any CPU.Build.0 = Debug|Any CPU
		{2A6A8E3A-1EE8-46A0-A292-FEA69B6F4EAC}.Debug|Mixed Platforms.ActiveCfg = Debug|Any CPU
		{2A6A8E3A-1EE8-46A0-A292-FEA69B6F4EAC}.Debug|Mixed Platforms.Build.0 = Debug|Any CPU
		{2A6A8E3A-1EE8-46A0-A292-FEA69B6F4EAC}.Debug|Win32.ActiveCfg = Debug|Any CPU
		{2A6A8E3A-1EE8-46A0-A292-FEA69B6F4EAC}.Debug|Win32.Build.0 = Debug|Any CPU
		{2A6A8E3A-1EE8-46A0-A292-FEA69B6F4EAC}.Debug|x64.ActiveCfg = Debug|Any CPU
		{2A6A8E3A-1EE8-46A0-A292-FEA69B6F4EAC}.Debug|x64.Build.0 = Debug|Any CPU
		{2A6A8E3A-1EE8-46A0-A292-FEA69B6F4EAC}.Debug|x86.ActiveCfg = Debug|Any CPU
		{2A6A8E3A-1EE8-46A0-A292-FEA69B6F4EAC}.Debug|x86.Build.0 = Debug|Any CPU
		{2A6A8E3A-1EE8-46A0-A292-FEA69B6F4EAC}.Release|Any CPU.ActiveCfg = Release|Any CPU
		{2A6A8E3A-1EE8-46A0-A292-FEA69B6F4EAC}.Release|Any CPU.Build.0 = Release|Any CPU
		{2A6A8E3A-1EE8-46A0-A292-FEA69B6F4EAC}.Release|Mixed Platforms.ActiveCfg = Release|Any CPU
		{2A6A8E3A-1EE8-46A0-A292-FEA69B6F4EAC}.Release|Mixed Platforms.Build.0 = Release|Any CPU
		{2A6A8E3A-1EE8-46A0-A292-FEA69B6F4EAC}.Release|Win32.ActiveCfg = Release|Any CPU
		{2A6A8E3A-1EE8-46A0-A292-FEA69B6F4EAC}.Release|Win32.Build.0 = Release|Any CPU
		{2A6A8E3A-1EE8-46A0-A292-FEA69B6F4EAC}.Release|x64.ActiveCfg = Release|Any CPU
		{2A6A8E3A-1EE8-46A0-A292-FEA69B6F4EAC}.Release|x64.Build.0 = Release|Any CPU
		{2A6A8E3A-1EE8-46A0-A292-FEA69B6F4EAC}.Release|x86.ActiveCfg = Release|Any CPU
		{2A6A8E3A-1EE8-46A0-A292-FEA69B6F4EAC}.Release|x86.Build.0 = Release|Any CPU
	EndGlobalSection
	GlobalSection(SolutionProperties) = preSolution
		HideSolutionNode = FALSE
	EndGlobalSection
	GlobalSection(ExtensibilityGlobals) = postSolution
		SolutionGuid = {90C080C7-68DC-4837-BF03-4D48CC2F89AB}
	EndGlobalSection
EndGlobal
